{
    "dependencies": {
	"wrtc": {
	    "version": "0.4.2"
	},
	"leveldown": {
	    "version": "5.4.1"
	},
	"ipfs": {
	    "version": "0.22.1",
	    "dependencies": {
		"wrtc": {
		    "version": "0.4.2"
		}
	    }
	},
	"libp2p-ipfs-nodejs": {
	    "version": "0.26.0",
	    "dependencies": {
		"libp2p": {
		    "version": "0.26.2"
		}
	    }
	},
	"libp2p-floodsub": {
	    "version": "0.18.0"
	},
	"libp2p-webrtc-star": {
	    "version": "0.16.1",
	    "dependencies": {
		"wrtc": {
		    "version": "0.4.2"
		}
	    }
	}
    }
}
